
Microsoft Visual Studio Solution File, Format Version 12.00
# Visual Studio 15
Project("{FAE04EC0-301F-11D3-BF4B-00C04F79EFBC}") = "Neuro GJ", "Neuro GJ.csproj", "{7027E9F8-5361-2489-9EDF-E6378854D69D}"
EndProject
Project("{FAE04EC0-301F-11D3-BF4B-00C04F79EFBC}") = "Neuro GJ.Editor", "Neuro GJ.Editor.csproj", "{1009A145-C86C-C62F-2B0D-380A27D74B1A}"
EndProject
Global
	GlobalSection(SolutionConfigurationPlatforms) = preSolution
		Debug|Any CPU = Debug|Any CPU
		Release|Any CPU = Release|Any CPU
	EndGlobalSection
	GlobalSection(ProjectConfigurationPlatforms) = postSolution
		{7027E9F8-5361-2489-9EDF-E6378854D69D}.Debug|Any CPU.ActiveCfg = Debug|Any CPU
		{7027E9F8-5361-2489-9EDF-E6378854D69D}.Debug|Any CPU.Build.0 = Debug|Any CPU
		{7027E9F8-5361-2489-9EDF-E6378854D69D}.Release|Any CPU.ActiveCfg = Release|Any CPU
		{7027E9F8-5361-2489-9EDF-E6378854D69D}.Release|Any CPU.Build.0 = Release|Any CPU
		{1009A145-C86C-C62F-2B0D-380A27D74B1A}.Debug|Any CPU.ActiveCfg = Debug|Any CPU
		{1009A145-C86C-C62F-2B0D-380A27D74B1A}.Debug|Any CPU.Build.0 = Debug|Any CPU
		{1009A145-C86C-C62F-2B0D-380A27D74B1A}.Release|Any CPU.ActiveCfg = Release|Any CPU
		{1009A145-C86C-C62F-2B0D-380A27D74B1A}.Release|Any CPU.Build.0 = Release|Any CPU
	EndGlobalSection
	GlobalSection(SolutionProperties) = preSolution
		HideSolutionNode = FALSE
	EndGlobalSection
EndGlobal
